
Microsoft Visual Studio Solution File, Format Version 12.00
# Visual Studio Version 17
VisualStudioVersion = 17.14.36414.22 d17.14
MinimumVisualStudioVersion = 10.0.40219.1
Project("{FAE04EC0-301F-11D3-BF4B-00C04F79EFBC}") = "MyApp", "MyApp\MyApp.csproj", "{E6F8D91C-E9E6-4C29-B652-C50162C7C063}"
EndProject
Global
	GlobalSection(SolutionConfigurationPlatforms) = preSolution
		Debug|Any CPU = Debug|Any CPU
		Release|Any CPU = Release|Any CPU
	EndGlobalSection
	GlobalSection(ProjectConfigurationPlatforms) = postSolution
		{E6F8D91C-E9E6-4C29-B652-C50162C7C063}.Debug|Any CPU.ActiveCfg = Debug|Any CPU
		{E6F8D91C-E9E6-4C29-B652-C50162C7C063}.Debug|Any CPU.Build.0 = Debug|Any CPU
		{E6F8D91C-E9E6-4C29-B652-C50162C7C063}.Release|Any CPU.ActiveCfg = Release|Any CPU
		{E6F8D91C-E9E6-4C29-B652-C50162C7C063}.Release|Any CPU.Build.0 = Release|Any CPU
	EndGlobalSection
	GlobalSection(SolutionProperties) = preSolution
		HideSolutionNode = FALSE
	EndGlobalSection
	GlobalSection(ExtensibilityGlobals) = postSolution
		SolutionGuid = {25453BAB-1FB4-4629-957E-C54E277C195B}
	EndGlobalSection
EndGlobal
